
Microsoft Visual Studio Solution File, Format Version 12.00
# Visual Studio Version 17
VisualStudioVersion = 17.8.34330.188
MinimumVisualStudioVersion = 10.0.40219.1
Project("{2150E333-8FDC-42A3-9474-1A3956D46DE8}") = "ConsoleEngine", "ConsoleEngine", "{3B473976-524E-4CDF-9400-5A97DE7AC4ED}"
EndProject
Project("{2150E333-8FDC-42A3-9474-1A3956D46DE8}") = "Game", "Game", "{4BD1C44D-2611-464B-B317-A1FA2D877896}"
EndProject
Project("{8BC9CEB8-8B4A-11D0-8D11-00A0C91BC942}") = "Galaga", "Galaga\Galaga.vcxproj", "{FF5D5410-CBE9-4FB2-ABD3-901A3461A0B3}"
EndProject
Project("{8BC9CEB8-8B4A-11D0-8D11-00A0C91BC942}") = "SnakeGame", "SnakeGame\SnakeGame.vcxproj", "{CD4CBD5A-1214-415F-85DB-AC4875A53A39}"
EndProject
Project("{8BC9CEB8-8B4A-11D0-8D11-00A0C91BC942}") = "ConsoleEngine", "ConsoleEngine\ConsoleEngine.vcxproj", "{16F2CC42-26E3-4631-999D-B76D95CB7AB7}"
EndProject
Global
	GlobalSection(SolutionConfigurationPlatforms) = preSolution
		Debug|x64 = Debug|x64
		Debug|x86 = Debug|x86
		Release|x64 = Release|x64
		Release|x86 = Release|x86
	EndGlobalSection
	GlobalSection(ProjectConfigurationPlatforms) = postSolution
		{FF5D5410-CBE9-4FB2-ABD3-901A3461A0B3}.Debug|x64.ActiveCfg = Debug|x64
		{FF5D5410-CBE9-4FB2-ABD3-901A3461A0B3}.Debug|x64.Build.0 = Debug|x64
		{FF5D5410-CBE9-4FB2-ABD3-901A3461A0B3}.Debug|x86.ActiveCfg = Debug|Win32
		{FF5D5410-CBE9-4FB2-ABD3-901A3461A0B3}.Debug|x86.Build.0 = Debug|Win32
		{FF5D5410-CBE9-4FB2-ABD3-901A3461A0B3}.Release|x64.ActiveCfg = Release|x64
		{FF5D5410-CBE9-4FB2-ABD3-901A3461A0B3}.Release|x64.Build.0 = Release|x64
		{FF5D5410-CBE9-4FB2-ABD3-901A3461A0B3}.Release|x86.ActiveCfg = Release|Win32
		{FF5D5410-CBE9-4FB2-ABD3-901A3461A0B3}.Release|x86.Build.0 = Release|Win32
		{CD4CBD5A-1214-415F-85DB-AC4875A53A39}.Debug|x64.ActiveCfg = Debug|x64
		{CD4CBD5A-1214-415F-85DB-AC4875A53A39}.Debug|x64.Build.0 = Debug|x64
		{CD4CBD5A-1214-415F-85DB-AC4875A53A39}.Debug|x86.ActiveCfg = Debug|Win32
		{CD4CBD5A-1214-415F-85DB-AC4875A53A39}.Debug|x86.Build.0 = Debug|Win32
		{CD4CBD5A-1214-415F-85DB-AC4875A53A39}.Release|x64.ActiveCfg = Release|x64
		{CD4CBD5A-1214-415F-85DB-AC4875A53A39}.Release|x64.Build.0 = Release|x64
		{CD4CBD5A-1214-415F-85DB-AC4875A53A39}.Release|x86.ActiveCfg = Release|Win32
		{CD4CBD5A-1214-415F-85DB-AC4875A53A39}.Release|x86.Build.0 = Release|Win32
		{16F2CC42-26E3-4631-999D-B76D95CB7AB7}.Debug|x64.ActiveCfg = Debug|x64
		{16F2CC42-26E3-4631-999D-B76D95CB7AB7}.Debug|x64.Build.0 = Debug|x64
		{16F2CC42-26E3-4631-999D-B76D95CB7AB7}.Debug|x86.ActiveCfg = Debug|Win32
		{16F2CC42-26E3-4631-999D-B76D95CB7AB7}.Debug|x86.Build.0 = Debug|Win32
		{16F2CC42-26E3-4631-999D-B76D95CB7AB7}.Release|x64.ActiveCfg = Release|x64
		{16F2CC42-26E3-4631-999D-B76D95CB7AB7}.Release|x64.Build.0 = Release|x64
		{16F2CC42-26E3-4631-999D-B76D95CB7AB7}.Release|x86.ActiveCfg = Release|Win32
		{16F2CC42-26E3-4631-999D-B76D95CB7AB7}.Release|x86.Build.0 = Release|Win32
	EndGlobalSection
	GlobalSection(SolutionProperties) = preSolution
		HideSolutionNode = FALSE
	EndGlobalSection
	GlobalSection(NestedProjects) = preSolution
		{FF5D5410-CBE9-4FB2-ABD3-901A3461A0B3} = {4BD1C44D-2611-464B-B317-A1FA2D877896}
		{CD4CBD5A-1214-415F-85DB-AC4875A53A39} = {4BD1C44D-2611-464B-B317-A1FA2D877896}
		{16F2CC42-26E3-4631-999D-B76D95CB7AB7} = {3B473976-524E-4CDF-9400-5A97DE7AC4ED}
	EndGlobalSection
	GlobalSection(ExtensibilityGlobals) = postSolution
		SolutionGuid = {42DB6012-EC15-45EC-8860-71BB25541574}
	EndGlobalSection
EndGlobal
